Microsoft Visual Studio Solution File, Format Version 12.00
# Visual Studio 2012
Project("{FAE04EC0-301F-11D3-BF4B-00C04F79EFBC}") = "CyberPlant", "CyberPlant.csproj", "{791E1E6E-6A5E-4EDB-9FE1-D204F4B4C833}"
EndProject
Global
	GlobalSection(SolutionConfigurationPlatforms) = preSolution
	Debug|Any CPU = Debug|Any CPU
	ExportDebug|Any CPU = ExportDebug|Any CPU
	ExportRelease|Any CPU = ExportRelease|Any CPU
	EndGlobalSection
	GlobalSection(ProjectConfigurationPlatforms) = postSolution
		{791E1E6E-6A5E-4EDB-9FE1-D204F4B4C833}.Debug|Any CPU.ActiveCfg = Debug|Any CPU
		{791E1E6E-6A5E-4EDB-9FE1-D204F4B4C833}.Debug|Any CPU.Build.0 = Debug|Any CPU
		{791E1E6E-6A5E-4EDB-9FE1-D204F4B4C833}.ExportDebug|Any CPU.ActiveCfg = ExportDebug|Any CPU
		{791E1E6E-6A5E-4EDB-9FE1-D204F4B4C833}.ExportDebug|Any CPU.Build.0 = ExportDebug|Any CPU
		{791E1E6E-6A5E-4EDB-9FE1-D204F4B4C833}.ExportRelease|Any CPU.ActiveCfg = ExportRelease|Any CPU
		{791E1E6E-6A5E-4EDB-9FE1-D204F4B4C833}.ExportRelease|Any CPU.Build.0 = ExportRelease|Any CPU
	EndGlobalSection
EndGlobal
